{
  "object": {
    "pins": [
      {
        "package": "GoogleMobileAds",
        "repositoryURL": "https://github.com/googleads/swift-package-manager-google-mobile-ads.git",
        "state": {
          "branch": null,
          "revision": "5ff977255c2ba5844e7e9da779f1f2a5a00e0028",
          "version": "11.2.0"
        }
      },
      {
        "package": "GoogleUserMessagingPlatform",
        "repositoryURL": "https://github.com/googleads/swift-package-manager-google-user-messaging-platform.git",
        "state": {
          "branch": null,
          "revision": "9b68aa69fb508f0274853e226c734151a973c7b7",
          "version": "2.4.0"
        }
      }
    ]
  },
  "version": 1
}
